// !$*UTF8*$!
{
	archiveVersion = 1;
	classes = {
	};
	objectVersion = 50;
	objects = {

/* Begin PBXBuildFile section */
		4D306BC4273F832E00556000 /* NetworkService.swift in Sources */ = {isa = PBXBuildFile; fileRef = 4D306BC3273F832E00556000 /* NetworkService.swift */; };
		4D306BC7273F85DB00556000 /* Planet.swift in Sources */ = {isa = PBXBuildFile; fileRef = 4D306BC6273F85DB00556000 /* Planet.swift */; };
		4D306BCA273FBC2200556000 /* PlanetDetailsViewController.swift in Sources */ = {isa = PBXBuildFile; fileRef = 4D306BC9273FBC2200556000 /* PlanetDetailsViewController.swift */; };
		4D306BCD273FC60500556000 /* Constants.swift in Sources */ = {isa = PBXBuildFile; fileRef = 4D306BCC273FC60500556000 /* Constants.swift */; };
		4D306BD1273FD67300556000 /* Image.swift in Sources */ = {isa = PBXBuildFile; fileRef = 4D306BD0273FD67300556000 /* Image.swift */; };
		4D306BDD273FDAE000556000 /* PlanetCell.swift in Sources */ = {isa = PBXBuildFile; fileRef = 4D306BDC273FDAE000556000 /* PlanetCell.swift */; };
		4DDAE1DF273F77C6000E987E /* AppDelegate.swift in Sources */ = {isa = PBXBuildFile; fileRef = 4DDAE1DE273F77C6000E987E /* AppDelegate.swift */; };
		4DDAE1E1273F77C6000E987E /* SceneDelegate.swift in Sources */ = {isa = PBXBuildFile; fileRef = 4DDAE1E0273F77C6000E987E /* SceneDelegate.swift */; };
		4DDAE1E3273F77C6000E987E /* PlanetsViewController.swift in Sources */ = {isa = PBXBuildFile; fileRef = 4DDAE1E2273F77C6000E987E /* PlanetsViewController.swift */; };
		4DDAE1E6273F77C6000E987E /* Main.storyboard in Resources */ = {isa = PBXBuildFile; fileRef = 4DDAE1E4273F77C6000E987E /* Main.storyboard */; };
		4DDAE1E8273F77C9000E987E /* Assets.xcassets in Resources */ = {isa = PBXBuildFile; fileRef = 4DDAE1E7273F77C9000E987E /* Assets.xcassets */; };
		4DDAE1EB273F77C9000E987E /* LaunchScreen.storyboard in Resources */ = {isa = PBXBuildFile; fileRef = 4DDAE1E9273F77C9000E987E /* LaunchScreen.storyboard */; };
/* End PBXBuildFile section */

/* Begin PBXFileReference section */
		4D306BC3273F832E00556000 /* NetworkService.swift */ = {isa = PBXFileReference; lastKnownFileType = sourcecode.swift; path = NetworkService.swift; sourceTree = "<group>"; };
		4D306BC6273F85DB00556000 /* Planet.swift */ = {isa = PBXFileReference; lastKnownFileType = sourcecode.swift; path = Planet.swift; sourceTree = "<group>"; };
		4D306BC9273FBC2200556000 /* PlanetDetailsViewController.swift */ = {isa = PBXFileReference; lastKnownFileType = sourcecode.swift; path = PlanetDetailsViewController.swift; sourceTree = "<group>"; };
		4D306BCC273FC60500556000 /* Constants.swift */ = {isa = PBXFileReference; lastKnownFileType = sourcecode.swift; path = Constants.swift; sourceTree = "<group>"; };
		4D306BD0273FD67300556000 /* Image.swift */ = {isa = PBXFileReference; lastKnownFileType = sourcecode.swift; path = Image.swift; sourceTree = "<group>"; };
		4D306BDC273FDAE000556000 /* PlanetCell.swift */ = {isa = PBXFileReference; lastKnownFileType = sourcecode.swift; path = PlanetCell.swift; sourceTree = "<group>"; };
		4DDAE1DB273F77C6000E987E /* PlanetsCombine.app */ = {isa = PBXFileReference; explicitFileType = wrapper.application; includeInIndex = 0; path = PlanetsCombine.app; sourceTree = BUILT_PRODUCTS_DIR; };
		4DDAE1DE273F77C6000E987E /* AppDelegate.swift */ = {isa = PBXFileReference; lastKnownFileType = sourcecode.swift; path = AppDelegate.swift; sourceTree = "<group>"; };
		4DDAE1E0273F77C6000E987E /* SceneDelegate.swift */ = {isa = PBXFileReference; lastKnownFileType = sourcecode.swift; path = SceneDelegate.swift; sourceTree = "<group>"; };
		4DDAE1E2273F77C6000E987E /* PlanetsViewController.swift */ = {isa = PBXFileReference; lastKnownFileType = sourcecode.swift; path = PlanetsViewController.swift; sourceTree = "<group>"; };
		4DDAE1E5273F77C6000E987E /* Base */ = {isa = PBXFileReference; lastKnownFileType = file.storyboard; name = Base; path = Base.lproj/Main.storyboard; sourceTree = "<group>"; };
		4DDAE1E7273F77C9000E987E /* Assets.xcassets */ = {isa = PBXFileReference; lastKnownFileType = folder.assetcatalog; path = Assets.xcassets; sourceTree = "<group>"; };
		4DDAE1EA273F77C9000E987E /* Base */ = {isa = PBXFileReference; lastKnownFileType = file.storyboard; name = Base; path = Base.lproj/LaunchScreen.storyboard; sourceTree = "<group>"; };
		4DDAE1EC273F77C9000E987E /* Info.plist */ = {isa = PBXFileReference; lastKnownFileType = text.plist.xml; path = Info.plist; sourceTree = "<group>"; };
/* End PBXFileReference section */

/* Begin PBXFrameworksBuildPhase section */
		4DDAE1D8273F77C6000E987E /* Frameworks */ = {
			isa = PBXFrameworksBuildPhase;
			buildActionMask = 2147483647;
			files = (
			);
			runOnlyForDeploymentPostprocessing = 0;
		};
/* End PBXFrameworksBuildPhase section */

/* Begin PBXGroup section */
		4D306BCF273FD66400556000 /* Extensions */ = {
			isa = PBXGroup;
			children = (
				4D306BD0273FD67300556000 /* Image.swift */,
			);
			path = Extensions;
			sourceTree = "<group>";
		};
		4D306BD4273FD9A200556000 /* Controllers */ = {
			isa = PBXGroup;
			children = (
				4DDAE1E2273F77C6000E987E /* PlanetsViewController.swift */,
				4D306BC9273FBC2200556000 /* PlanetDetailsViewController.swift */,
			);
			path = Controllers;
			sourceTree = "<group>";
		};
		4D306BD5273FD9CA00556000 /* Models */ = {
			isa = PBXGroup;
			children = (
				4D306BC6273F85DB00556000 /* Planet.swift */,
			);
			path = Models;
			sourceTree = "<group>";
		};
		4D306BD6273FD9D600556000 /* Utils */ = {
			isa = PBXGroup;
			children = (
				4D306BCC273FC60500556000 /* Constants.swift */,
			);
			path = Utils;
			sourceTree = "<group>";
		};
		4D306BD9273FDA6000556000 /* Services */ = {
			isa = PBXGroup;
			children = (
				4D306BC3273F832E00556000 /* NetworkService.swift */,
			);
			path = Services;
			sourceTree = "<group>";
		};
		4D306BDB273FDAC600556000 /* Views */ = {
			isa = PBXGroup;
			children = (
				4D306BDC273FDAE000556000 /* PlanetCell.swift */,
			);
			path = Views;
			sourceTree = "<group>";
		};
		4DDAE1D2273F77C6000E987E = {
			isa = PBXGroup;
			children = (
				4DDAE1DD273F77C6000E987E /* PlanetsCombine */,
				4DDAE1DC273F77C6000E987E /* Products */,
			);
			sourceTree = "<group>";
		};
		4DDAE1DC273F77C6000E987E /* Products */ = {
			isa = PBXGroup;
			children = (
				4DDAE1DB273F77C6000E987E /* PlanetsCombine.app */,
			);
			name = Products;
			sourceTree = "<group>";
		};
		4DDAE1DD273F77C6000E987E /* PlanetsCombine */ = {
			isa = PBXGroup;
			children = (
				4D306BDB273FDAC600556000 /* Views */,
				4D306BD9273FDA6000556000 /* Services */,
				4D306BD6273FD9D600556000 /* Utils */,
				4D306BD5273FD9CA00556000 /* Models */,
				4D306BD4273FD9A200556000 /* Controllers */,
				4D306BCF273FD66400556000 /* Extensions */,
				4DDAE1DE273F77C6000E987E /* AppDelegate.swift */,
				4DDAE1E0273F77C6000E987E /* SceneDelegate.swift */,
				4DDAE1E4273F77C6000E987E /* Main.storyboard */,
				4DDAE1E7273F77C9000E987E /* Assets.xcassets */,
				4DDAE1E9273F77C9000E987E /* LaunchScreen.storyboard */,
				4DDAE1EC273F77C9000E987E /* Info.plist */,
			);
			path = PlanetsCombine;
			sourceTree = "<group>";
		};
/* End PBXGroup section */

/* Begin PBXNativeTarget section */
		4DDAE1DA273F77C6000E987E /* PlanetsCombine */ = {
			isa = PBXNativeTarget;
			buildConfigurationList = 4DDAE1EF273F77C9000E987E /* Build configuration list for PBXNativeTarget "PlanetsCombine" */;
			buildPhases = (
				4DDAE1D7273F77C6000E987E /* Sources */,
				4DDAE1D8273F77C6000E987E /* Frameworks */,
				4DDAE1D9273F77C6000E987E /* Resources */,
			);
			buildRules = (
			);
			dependencies = (
			);
			name = PlanetsCombine;
			productName = PlanetsUIKit;
			productReference = 4DDAE1DB273F77C6000E987E /* PlanetsCombine.app */;
			productType = "com.apple.product-type.application";
		};
/* End PBXNativeTarget section */

/* Begin PBXProject section */
		4DDAE1D3273F77C6000E987E /* Project object */ = {
			isa = PBXProject;
			attributes = {
				LastSwiftUpdateCheck = 1230;
				LastUpgradeCheck = 1230;
				TargetAttributes = {
					4DDAE1DA273F77C6000E987E = {
						CreatedOnToolsVersion = 12.3;
					};
				};
			};
			buildConfigurationList = 4DDAE1D6273F77C6000E987E /* Build configuration list for PBXProject "PlanetsCombine" */;
			compatibilityVersion = "Xcode 9.3";
			developmentRegion = en;
			hasScannedForEncodings = 0;
			knownRegions = (
				en,
				Base,
			);
			mainGroup = 4DDAE1D2273F77C6000E987E;
			productRefGroup = 4DDAE1DC273F77C6000E987E /* Products */;
			projectDirPath = "";
			projectRoot = "";
			targets = (
				4DDAE1DA273F77C6000E987E /* PlanetsCombine */,
			);
		};
/* End PBXProject section */

/* Begin PBXResourcesBuildPhase section */
		4DDAE1D9273F77C6000E987E /* Resources */ = {
			isa = PBXResourcesBuildPhase;
			buildActionMask = 2147483647;
			files = (
				4DDAE1EB273F77C9000E987E /* LaunchScreen.storyboard in Resources */,
				4DDAE1E8273F77C9000E987E /* Assets.xcassets in Resources */,
				4DDAE1E6273F77C6000E987E /* Main.storyboard in Resources */,
			);
			runOnlyForDeploymentPostprocessing = 0;
		};
/* End PBXResourcesBuildPhase section */

/* Begin PBXSourcesBuildPhase section */
		4DDAE1D7273F77C6000E987E /* Sources */ = {
			isa = PBXSourcesBuildPhase;
			buildActionMask = 2147483647;
			files = (
				4DDAE1E3273F77C6000E987E /* PlanetsViewController.swift in Sources */,
				4D306BD1273FD67300556000 /* Image.swift in Sources */,
				4D306BCA273FBC2200556000 /* PlanetDetailsViewController.swift in Sources */,
				4DDAE1DF273F77C6000E987E /* AppDelegate.swift in Sources */,
				4D306BC4273F832E00556000 /* NetworkService.swift in Sources */,
				4D306BCD273FC60500556000 /* Constants.swift in Sources */,
				4D306BDD273FDAE000556000 /* PlanetCell.swift in Sources */,
				4DDAE1E1273F77C6000E987E /* SceneDelegate.swift in Sources */,
				4D306BC7273F85DB00556000 /* Planet.swift in Sources */,
			);
			runOnlyForDeploymentPostprocessing = 0;
		};
/* End PBXSourcesBuildPhase section */

/* Begin PBXVariantGroup section */
		4DDAE1E4273F77C6000E987E /* Main.storyboard */ = {
			isa = PBXVariantGroup;
			children = (
				4DDAE1E5273F77C6000E987E /* Base */,
			);
			name = Main.storyboard;
			sourceTree = "<group>";
		};
		4DDAE1E9273F77C9000E987E /* LaunchScreen.storyboard */ = {
			isa = PBXVariantGroup;
			children = (
				4DDAE1EA273F77C9000E987E /* Base */,
			);
			name = LaunchScreen.storyboard;
			sourceTree = "<group>";
		};
/* End PBXVariantGroup section */

/* Begin XCBuildConfiguration section */
		4DDAE1ED273F77C9000E987E /* Debug */ = {
			isa = XCBuildConfiguration;
			buildSettings = {
				ALWAYS_SEARCH_USER_PATHS = NO;
				CLANG_ANALYZER_NONNULL = YES;
				CLANG_ANALYZER_NUMBER_OBJECT_CONVERSION = YES_AGGRESSIVE;
				CLANG_CXX_LANGUAGE_STANDARD = "gnu++14";
				CLANG_CXX_LIBRARY = "libc++";
				CLANG_ENABLE_MODULES = YES;
				CLANG_ENABLE_OBJC_ARC = YES;
				CLANG_ENABLE_OBJC_WEAK = YES;
				CLANG_WARN_BLOCK_CAPTURE_AUTORELEASING = YES;
				CLANG_WARN_BOOL_CONVERSION = YES;
				CLANG_WARN_COMMA = YES;
				CLANG_WARN_CONSTANT_CONVERSION = YES;
				CLANG_WARN_DEPRECATED_OBJC_IMPLEMENTATIONS = YES;
				CLANG_WARN_DIRECT_OBJC_ISA_USAGE = YES_ERROR;
				CLANG_WARN_DOCUMENTATION_COMMENTS = YES;
				CLANG_WARN_EMPTY_BODY = YES;
				CLANG_WARN_ENUM_CONVERSION = YES;
				CLANG_WARN_INFINITE_RECURSION = YES;
				CLANG_WARN_INT_CONVERSION = YES;
				CLANG_WARN_NON_LITERAL_NULL_CONVERSION = YES;
				CLANG_WARN_OBJC_IMPLICIT_RETAIN_SELF = YES;
				CLANG_WARN_OBJC_LITERAL_CONVERSION = YES;
				CLANG_WARN_OBJC_ROOT_CLASS = YES_ERROR;
				CLANG_WARN_QUOTED_INCLUDE_IN_FRAMEWORK_HEADER = YES;
				CLANG_WARN_RANGE_LOOP_ANALYSIS = YES;
				CLANG_WARN_STRICT_PROTOTYPES = YES;
				CLANG_WARN_SUSPICIOUS_MOVE = YES;
				CLANG_WARN_UNGUARDED_AVAILABILITY = YES_AGGRESSIVE;
				CLANG_WARN_UNREACHABLE_CODE = YES;
				CLANG_WARN__DUPLICATE_METHOD_MATCH = YES;
				COPY_PHASE_STRIP = NO;
				DEBUG_INFORMATION_FORMAT = dwarf;
				ENABLE_STRICT_OBJC_MSGSEND = YES;
				ENABLE_TESTABILITY = YES;
				GCC_C_LANGUAGE_STANDARD = gnu11;
				GCC_DYNAMIC_NO_PIC = NO;
				GCC_NO_COMMON_BLOCKS = YES;
				GCC_OPTIMIZATION_LEVEL = 0;
				GCC_PREPROCESSOR_DEFINITIONS = (
					"DEBUG=1",
					"$(inherited)",
				);
				GCC_WARN_64_TO_32_BIT_CONVERSION = YES;
				GCC_WARN_ABOUT_RETURN_TYPE = YES_ERROR;
				GCC_WARN_UNDECLARED_SELECTOR = YES;
				GCC_WARN_UNINITIALIZED_AUTOS = YES_AGGRESSIVE;
				GCC_WARN_UNUSED_FUNCTION = YES;
				GCC_WARN_UNUSED_VARIABLE = YES;
				IPHONEOS_DEPLOYMENT_TARGET = 14.3;
				MTL_ENABLE_DEBUG_INFO = INCLUDE_SOURCE;
				MTL_FAST_MATH = YES;
				ONLY_ACTIVE_ARCH = YES;
				SDKROOT = iphoneos;
				SWIFT_ACTIVE_COMPILATION_CONDITIONS = DEBUG;
				SWIFT_OPTIMIZATION_LEVEL = "-Onone";
			};
			name = Debug;
		};
		4DDAE1EE273F77C9000E987E /* Release */ = {
			isa = XCBuildConfiguration;
			buildSettings = {
				ALWAYS_SEARCH_USER_PATHS = NO;
				CLANG_ANALYZER_NONNULL = YES;
				CLANG_ANALYZER_NUMBER_OBJECT_CONVERSION = YES_AGGRESSIVE;
				CLANG_CXX_LANGUAGE_STANDARD = "gnu++14";
				CLANG_CXX_LIBRARY = "libc++";
				CLANG_ENABLE_MODULES = YES;
				CLANG_ENABLE_OBJC_ARC = YES;
				CLANG_ENABLE_OBJC_WEAK = YES;
				CLANG_WARN_BLOCK_CAPTURE_AUTORELEASING = YES;
				CLANG_WARN_BOOL_CONVERSION = YES;
				CLANG_WARN_COMMA = YES;
				CLANG_WARN_CONSTANT_CONVERSION = YES;
				CLANG_WARN_DEPRECATED_OBJC_IMPLEMENTATIONS = YES;
				CLANG_WARN_DIRECT_OBJC_ISA_USAGE = YES_ERROR;
				CLANG_WARN_DOCUMENTATION_COMMENTS = YES;
				CLANG_WARN_EMPTY_BODY = YES;
				CLANG_WARN_ENUM_CONVERSION = YES;
				CLANG_WARN_INFINITE_RECURSION = YES;
				CLANG_WARN_INT_CONVERSION = YES;
				CLANG_WARN_NON_LITERAL_NULL_CONVERSION = YES;
				CLANG_WARN_OBJC_IMPLICIT_RETAIN_SELF = YES;
				CLANG_WARN_OBJC_LITERAL_CONVERSION = YES;
				CLANG_WARN_OBJC_ROOT_CLASS = YES_ERROR;
				CLANG_WARN_QUOTED_INCLUDE_IN_FRAMEWORK_HEADER = YES;
				CLANG_WARN_RANGE_LOOP_ANALYSIS = YES;
				CLANG_WARN_STRICT_PROTOTYPES = YES;
				CLANG_WARN_SUSPICIOUS_MOVE = YES;
				CLANG_WARN_UNGUARDED_AVAILABILITY = YES_AGGRESSIVE;
				CLANG_WARN_UNREACHABLE_CODE = YES;
				CLANG_WARN__DUPLICATE_METHOD_MATCH = YES;
				COPY_PHASE_STRIP = NO;
				DEBUG_INFORMATION_FORMAT = "dwarf-with-dsym";
				ENABLE_NS_ASSERTIONS = NO;
				ENABLE_STRICT_OBJC_MSGSEND = YES;
				GCC_C_LANGUAGE_STANDARD = gnu11;
				GCC_NO_COMMON_BLOCKS = YES;
				GCC_WARN_64_TO_32_BIT_CONVERSION = YES;
				GCC_WARN_ABOUT_RETURN_TYPE = YES_ERROR;
				GCC_WARN_UNDECLARED_SELECTOR = YES;
				GCC_WARN_UNINITIALIZED_AUTOS = YES_AGGRESSIVE;
				GCC_WARN_UNUSED_FUNCTION = YES;
				GCC_WARN_UNUSED_VARIABLE = YES;
				IPHONEOS_DEPLOYMENT_TARGET = 14.3;
				MTL_ENABLE_DEBUG_INFO = NO;
				MTL_FAST_MATH = YES;
				SDKROOT = iphoneos;
				SWIFT_COMPILATION_MODE = wholemodule;
				SWIFT_OPTIMIZATION_LEVEL = "-O";
				VALIDATE_PRODUCT = YES;
			};
			name = Release;
		};
		4DDAE1F0273F77C9000E987E /* Debug */ = {
			isa = XCBuildConfiguration;
			buildSettings = {
				ASSETCATALOG_COMPILER_APPICON_NAME = AppIcon;
				ASSETCATALOG_COMPILER_GLOBAL_ACCENT_COLOR_NAME = AccentColor;
				CODE_SIGN_STYLE = Automatic;
				INFOPLIST_FILE = "$(SRCROOT)/PlanetsCombine/Info.plist";
				LD_RUNPATH_SEARCH_PATHS = (
					"$(inherited)",
					"@executable_path/Frameworks",
				);
				PRODUCT_BUNDLE_IDENTIFIER = com.nalinda.PlanetsCombine;
				PRODUCT_NAME = "$(TARGET_NAME)";
				SWIFT_VERSION = 5.0;
				TARGETED_DEVICE_FAMILY = "1,2";
			};
			name = Debug;
		};
		4DDAE1F1273F77C9000E987E /* Release */ = {
			isa = XCBuildConfiguration;
			buildSettings = {
				ASSETCATALOG_COMPILER_APPICON_NAME = AppIcon;
				ASSETCATALOG_COMPILER_GLOBAL_ACCENT_COLOR_NAME = AccentColor;
				CODE_SIGN_STYLE = Automatic;
				INFOPLIST_FILE = "$(SRCROOT)/PlanetsCombine/Info.plist";
				LD_RUNPATH_SEARCH_PATHS = (
					"$(inherited)",
					"@executable_path/Frameworks",
				);
				PRODUCT_BUNDLE_IDENTIFIER = com.nalinda.PlanetsCombine;
				PRODUCT_NAME = "$(TARGET_NAME)";
				SWIFT_VERSION = 5.0;
				TARGETED_DEVICE_FAMILY = "1,2";
			};
			name = Release;
		};
/* End XCBuildConfiguration section */

/* Begin XCConfigurationList section */
		4DDAE1D6273F77C6000E987E /* Build configuration list for PBXProject "PlanetsCombine" */ = {
			isa = XCConfigurationList;
			buildConfigurations = (
				4DDAE1ED273F77C9000E987E /* Debug */,
				4DDAE1EE273F77C9000E987E /* Release */,
			);
			defaultConfigurationIsVisible = 0;
			defaultConfigurationName = Release;
		};
		4DDAE1EF273F77C9000E987E /* Build configuration list for PBXNativeTarget "PlanetsCombine" */ = {
			isa = XCConfigurationList;
			buildConfigurations = (
				4DDAE1F0273F77C9000E987E /* Debug */,
				4DDAE1F1273F77C9000E987E /* Release */,
			);
			defaultConfigurationIsVisible = 0;
			defaultConfigurationName = Release;
		};
/* End XCConfigurationList section */
	};
	rootObject = 4DDAE1D3273F77C6000E987E /* Project object */;
}
